
Microsoft Visual Studio Solution File, Format Version 12.00
# Visual Studio Version 17
VisualStudioVersion = 17.10.35027.167
MinimumVisualStudioVersion = 10.0.40219.1
Project("{9A19103F-16F7-4668-BE54-9A1E7A4F7556}") = "CryptoExchange.Server", "CryptoExchange.Server\CryptoExchange.Server.csproj", "{17B890F7-30A3-43B6-BB10-FBB84DE96FF4}"
EndProject
Project("{9A19103F-16F7-4668-BE54-9A1E7A4F7556}") = "CryptoExchange.Base", "CryptoExchange.Base\CryptoExchange.Base.csproj", "{341C6E3F-79F5-4EA7-9534-875529C613E8}"
EndProject
Project("{9A19103F-16F7-4668-BE54-9A1E7A4F7556}") = "CryptoExchange.WebClient", "CryptoExchange.WebClient\CryptoExchange.WebClient.csproj", "{18AD7848-4765-4F68-9949-327A5CF92FA0}"
EndProject
Project("{9A19103F-16F7-4668-BE54-9A1E7A4F7556}") = "CryptoExchange.Test", "CryptoExchange.Test\CryptoExchange.Test.csproj", "{E51CC128-9583-470D-BFAA-4FDAAD745363}"
EndProject
Global
	GlobalSection(SolutionConfigurationPlatforms) = preSolution
		Debug|Any CPU = Debug|Any CPU
		Release|Any CPU = Release|Any CPU
	EndGlobalSection
	GlobalSection(ProjectConfigurationPlatforms) = postSolution
		{17B890F7-30A3-43B6-BB10-FBB84DE96FF4}.Debug|Any CPU.ActiveCfg = Debug|Any CPU
		{17B890F7-30A3-43B6-BB10-FBB84DE96FF4}.Debug|Any CPU.Build.0 = Debug|Any CPU
		{17B890F7-30A3-43B6-BB10-FBB84DE96FF4}.Release|Any CPU.ActiveCfg = Release|Any CPU
		{17B890F7-30A3-43B6-BB10-FBB84DE96FF4}.Release|Any CPU.Build.0 = Release|Any CPU
		{341C6E3F-79F5-4EA7-9534-875529C613E8}.Debug|Any CPU.ActiveCfg = Debug|Any CPU
		{341C6E3F-79F5-4EA7-9534-875529C613E8}.Debug|Any CPU.Build.0 = Debug|Any CPU
		{341C6E3F-79F5-4EA7-9534-875529C613E8}.Release|Any CPU.ActiveCfg = Release|Any CPU
		{341C6E3F-79F5-4EA7-9534-875529C613E8}.Release|Any CPU.Build.0 = Release|Any CPU
		{18AD7848-4765-4F68-9949-327A5CF92FA0}.Debug|Any CPU.ActiveCfg = Debug|Any CPU
		{18AD7848-4765-4F68-9949-327A5CF92FA0}.Debug|Any CPU.Build.0 = Debug|Any CPU
		{18AD7848-4765-4F68-9949-327A5CF92FA0}.Release|Any CPU.ActiveCfg = Release|Any CPU
		{18AD7848-4765-4F68-9949-327A5CF92FA0}.Release|Any CPU.Build.0 = Release|Any CPU
		{E51CC128-9583-470D-BFAA-4FDAAD745363}.Debug|Any CPU.ActiveCfg = Debug|Any CPU
		{E51CC128-9583-470D-BFAA-4FDAAD745363}.Debug|Any CPU.Build.0 = Debug|Any CPU
		{E51CC128-9583-470D-BFAA-4FDAAD745363}.Release|Any CPU.ActiveCfg = Release|Any CPU
		{E51CC128-9583-470D-BFAA-4FDAAD745363}.Release|Any CPU.Build.0 = Release|Any CPU
	EndGlobalSection
	GlobalSection(SolutionProperties) = preSolution
		HideSolutionNode = FALSE
	EndGlobalSection
	GlobalSection(ExtensibilityGlobals) = postSolution
		SolutionGuid = {50E06B84-BAD6-4D3B-9704-4CECA6ED4ACF}
	EndGlobalSection
EndGlobal
